
Microsoft Visual Studio Solution File, Format Version 12.00
# Visual Studio Version 17
VisualStudioVersion = 17.0.31919.166
MinimumVisualStudioVersion = 10.0.40219.1
Project("{FAE04EC0-301F-11D3-BF4B-00C04F79EFBC}") = "TestProject1", "TestProject1\TestProject1.csproj", "{1C82EF8D-5567-4E5B-B114-8EC830627BE4}"
EndProject
Global
	GlobalSection(SolutionConfigurationPlatforms) = preSolution
		Debug|Any CPU = Debug|Any CPU
		Release|Any CPU = Release|Any CPU
	EndGlobalSection
	GlobalSection(ProjectConfigurationPlatforms) = postSolution
		{1C82EF8D-5567-4E5B-B114-8EC830627BE4}.Debug|Any CPU.ActiveCfg = Debug|Any CPU
		{1C82EF8D-5567-4E5B-B114-8EC830627BE4}.Debug|Any CPU.Build.0 = Debug|Any CPU
		{1C82EF8D-5567-4E5B-B114-8EC830627BE4}.Release|Any CPU.ActiveCfg = Release|Any CPU
		{1C82EF8D-5567-4E5B-B114-8EC830627BE4}.Release|Any CPU.Build.0 = Release|Any CPU
	EndGlobalSection
	GlobalSection(SolutionProperties) = preSolution
		HideSolutionNode = FALSE
	EndGlobalSection
	GlobalSection(ExtensibilityGlobals) = postSolution
		SolutionGuid = {0446334F-B5ED-4EA2-B5D0-F1A2C2DCEA37}
	EndGlobalSection
EndGlobal
